
Microsoft Visual Studio Solution File, Format Version 12.00
# Visual Studio Version 16
VisualStudioVersion = 16.0.30114.105
MinimumVisualStudioVersion = 10.0.40219.1
Project("{9A19103F-16F7-4668-BE54-9A1E7A4F7556}") = "TestTools", "..\TestTools\TestTools\TestTools.csproj", "{996B2492-0837-4F61-B37F-838F45EFCBAB}"
EndProject
Project("{9A19103F-16F7-4668-BE54-9A1E7A4F7556}") = "Lecture 9 Exercises", "Lecture 9 Exercises\Lecture 9 Exercises.csproj", "{3F366A50-ACFA-4D1B-9D8E-5D751C13F057}"
EndProject
Project("{9A19103F-16F7-4668-BE54-9A1E7A4F7556}") = "Lecture 9 Solutions", "Lecture 9 Solutions\Lecture 9 Solutions.csproj", "{FD856DF7-D136-4947-99F6-0615DB4682C4}"
EndProject
Project("{9A19103F-16F7-4668-BE54-9A1E7A4F7556}") = "Lecture 9 Tests", "Lecture 9 Tests\Lecture 9 Tests.csproj", "{9AE4F185-D61F-4E31-AA38-229D95E683E5}"
EndProject
Global
	GlobalSection(SolutionConfigurationPlatforms) = preSolution
		Debug|Any CPU = Debug|Any CPU
		Release|Any CPU = Release|Any CPU
	EndGlobalSection
	GlobalSection(ProjectConfigurationPlatforms) = postSolution
		{996B2492-0837-4F61-B37F-838F45EFCBAB}.Debug|Any CPU.ActiveCfg = Debug|Any CPU
		{996B2492-0837-4F61-B37F-838F45EFCBAB}.Debug|Any CPU.Build.0 = Debug|Any CPU
		{996B2492-0837-4F61-B37F-838F45EFCBAB}.Release|Any CPU.ActiveCfg = Release|Any CPU
		{996B2492-0837-4F61-B37F-838F45EFCBAB}.Release|Any CPU.Build.0 = Release|Any CPU
		{3F366A50-ACFA-4D1B-9D8E-5D751C13F057}.Debug|Any CPU.ActiveCfg = Debug|Any CPU
		{3F366A50-ACFA-4D1B-9D8E-5D751C13F057}.Debug|Any CPU.Build.0 = Debug|Any CPU
		{3F366A50-ACFA-4D1B-9D8E-5D751C13F057}.Release|Any CPU.ActiveCfg = Release|Any CPU
		{3F366A50-ACFA-4D1B-9D8E-5D751C13F057}.Release|Any CPU.Build.0 = Release|Any CPU
		{FD856DF7-D136-4947-99F6-0615DB4682C4}.Debug|Any CPU.ActiveCfg = Debug|Any CPU
		{FD856DF7-D136-4947-99F6-0615DB4682C4}.Debug|Any CPU.Build.0 = Debug|Any CPU
		{FD856DF7-D136-4947-99F6-0615DB4682C4}.Release|Any CPU.ActiveCfg = Release|Any CPU
		{FD856DF7-D136-4947-99F6-0615DB4682C4}.Release|Any CPU.Build.0 = Release|Any CPU
		{9AE4F185-D61F-4E31-AA38-229D95E683E5}.Debug|Any CPU.ActiveCfg = Debug|Any CPU
		{9AE4F185-D61F-4E31-AA38-229D95E683E5}.Debug|Any CPU.Build.0 = Debug|Any CPU
		{9AE4F185-D61F-4E31-AA38-229D95E683E5}.Release|Any CPU.ActiveCfg = Release|Any CPU
		{9AE4F185-D61F-4E31-AA38-229D95E683E5}.Release|Any CPU.Build.0 = Release|Any CPU
	EndGlobalSection
	GlobalSection(SolutionProperties) = preSolution
		HideSolutionNode = FALSE
	EndGlobalSection
	GlobalSection(ExtensibilityGlobals) = postSolution
		SolutionGuid = {563A0DAD-7E5B-44D2-962A-92C69E76D1D2}
	EndGlobalSection
EndGlobal
