
Microsoft Visual Studio Solution File, Format Version 12.00
# Visual Studio Version 16
VisualStudioVersion = 16.0.30114.105
MinimumVisualStudioVersion = 10.0.40219.1
Project("{9A19103F-16F7-4668-BE54-9A1E7A4F7556}") = "TestTools Tests", "TestTools Tests\TestTools Tests.csproj", "{DB8925F0-1FCA-4262-BD38-64F17BC63512}"
EndProject
Project("{9A19103F-16F7-4668-BE54-9A1E7A4F7556}") = "TestTools", "TestTools\TestTools.csproj", "{F9E1F9D9-B09D-4058-B36A-D1052BFB1F5B}"
EndProject
Project("{9A19103F-16F7-4668-BE54-9A1E7A4F7556}") = "Lecture 2 Tests", "..\Lecture 2\Lecture 2 Tests\Lecture 2 Tests.csproj", "{6E6FEC50-5D21-4DF5-8ACC-4C7DF6A03647}"
EndProject
Project("{9A19103F-16F7-4668-BE54-9A1E7A4F7556}") = "Lecture 3 Tests", "..\Lecture 3\Lecture 3 Tests\Lecture 3 Tests.csproj", "{8ED9B700-0ED1-49B7-A118-6BA1ED9CD100}"
EndProject
Project("{9A19103F-16F7-4668-BE54-9A1E7A4F7556}") = "Lecture 4 Tests", "..\Lecture 4\Lecture 4 Tests\Lecture 4 Tests.csproj", "{577ACA5C-095B-4BB5-B8FE-FD07BCD54909}"
EndProject
Project("{9A19103F-16F7-4668-BE54-9A1E7A4F7556}") = "Lecture 6 Tests", "..\Lecture 6\Lecture 6 Tests\Lecture 6 Tests.csproj", "{3D5ADE06-2293-4973-9CE1-DB6498015B59}"
EndProject
Project("{9A19103F-16F7-4668-BE54-9A1E7A4F7556}") = "Lecture 7 Tests", "..\Lecture 7\Lecture 7 Tests\Lecture 7 Tests.csproj", "{74E0D7BF-04FC-4BC2-9815-DCEC51193422}"
EndProject
Project("{9A19103F-16F7-4668-BE54-9A1E7A4F7556}") = "Lecture 8 Tests", "..\Lecture 8\Lecture 8 Tests\Lecture 8 Tests.csproj", "{7D3F51C2-9B06-4860-ABFE-D57AA44949F8}"
EndProject
Project("{9A19103F-16F7-4668-BE54-9A1E7A4F7556}") = "Lecture 9 Tests", "..\Lecture 9\Lecture 9 Tests\Lecture 9 Tests.csproj", "{49BBCCBE-A6AD-4DCB-A1E9-762E8F56AB2B}"
EndProject
Project("{9A19103F-16F7-4668-BE54-9A1E7A4F7556}") = "Lecture 2 Solutions", "..\Lecture 2\Lecture 2 Solutions\Lecture 2 Solutions.csproj", "{591C1B6E-E61E-4473-8ED7-5F422AF9F0D7}"
EndProject
Project("{9A19103F-16F7-4668-BE54-9A1E7A4F7556}") = "Lecture 3 Solutions", "..\Lecture 3\Lecture 3 Solutions\Lecture 3 Solutions.csproj", "{77455F5E-1A02-4A1D-9294-165F10F7BF86}"
EndProject
Project("{9A19103F-16F7-4668-BE54-9A1E7A4F7556}") = "Lecture 4 Solutions", "..\Lecture 4\Lecture 4 Solutions\Lecture 4 Solutions.csproj", "{B1408665-0704-4B95-9A2C-D38D2E23626B}"
EndProject
Project("{9A19103F-16F7-4668-BE54-9A1E7A4F7556}") = "Lecture 6 Solutions", "..\Lecture 6\Lecture 6 Solutions\Lecture 6 Solutions.csproj", "{ABDDAF50-F05C-46A0-B171-30656BBAA11E}"
EndProject
Project("{9A19103F-16F7-4668-BE54-9A1E7A4F7556}") = "Lecture 7 Solutions", "..\Lecture 7\Lecture 7 Solutions\Lecture 7 Solutions.csproj", "{FC94900D-1A52-4637-B8FF-AD6EFA51042B}"
EndProject
Project("{9A19103F-16F7-4668-BE54-9A1E7A4F7556}") = "Lecture 8 Solutions", "..\Lecture 8\Lecture 8 Solutions\Lecture 8 Solutions.csproj", "{31CAFF85-B59B-4537-AB29-B736C8494CFD}"
EndProject
Project("{9A19103F-16F7-4668-BE54-9A1E7A4F7556}") = "Lecture 9 Solutions", "..\Lecture 9\Lecture 9 Solutions\Lecture 9 Solutions.csproj", "{1899123C-B3B7-4C7E-9E62-21D0CA701AA3}"
EndProject
Project("{9A19103F-16F7-4668-BE54-9A1E7A4F7556}") = "Lecture 2 Exercises", "..\Lecture 2\Lecture 2 Exercises\Lecture 2 Exercises.csproj", "{6C7A9023-D5D5-498E-81AF-1DCA3617E15E}"
EndProject
Project("{9A19103F-16F7-4668-BE54-9A1E7A4F7556}") = "Lecture 3 Exercises", "..\Lecture 3\Lecture 3 Exercises\Lecture 3 Exercises.csproj", "{36E8A358-AA96-461A-9A5A-2CA7A075BD12}"
EndProject
Project("{9A19103F-16F7-4668-BE54-9A1E7A4F7556}") = "Lecture 4 Exercises", "..\Lecture 4\Lecture 4 Exercises\Lecture 4 Exercises.csproj", "{09ED9F52-A668-4B9D-83BE-16E4A320A9FC}"
EndProject
Project("{9A19103F-16F7-4668-BE54-9A1E7A4F7556}") = "Lecture 6 Exercises", "..\Lecture 6\Lecture 6 Exercises\Lecture 6 Exercises.csproj", "{14E6B4AA-C2DA-4669-B68D-D2F0FDDC1C52}"
EndProject
Project("{9A19103F-16F7-4668-BE54-9A1E7A4F7556}") = "Lecture 7 Exercises", "..\Lecture 7\Lecture 7 Exercises\Lecture 7 Exercises.csproj", "{43C1E426-F16F-4630-ACB4-0D7F4AE32FC0}"
EndProject
Project("{9A19103F-16F7-4668-BE54-9A1E7A4F7556}") = "Lecture 8 Exercises", "..\Lecture 8\Lecture 8 Exercises\Lecture 8 Exercises.csproj", "{AC3E3613-B97A-4A0F-9DF1-5C49B91079AE}"
EndProject
Project("{9A19103F-16F7-4668-BE54-9A1E7A4F7556}") = "Lecture 9 Exercises", "..\Lecture 9\Lecture 9 Exercises\Lecture 9 Exercises.csproj", "{E6562031-707B-46BE-8449-F10FD2B04E1D}"
EndProject
Global
	GlobalSection(SolutionConfigurationPlatforms) = preSolution
		Debug|Any CPU = Debug|Any CPU
		Release|Any CPU = Release|Any CPU
	EndGlobalSection
	GlobalSection(ProjectConfigurationPlatforms) = postSolution
		{DB8925F0-1FCA-4262-BD38-64F17BC63512}.Debug|Any CPU.ActiveCfg = Debug|Any CPU
		{DB8925F0-1FCA-4262-BD38-64F17BC63512}.Debug|Any CPU.Build.0 = Debug|Any CPU
		{DB8925F0-1FCA-4262-BD38-64F17BC63512}.Release|Any CPU.ActiveCfg = Release|Any CPU
		{DB8925F0-1FCA-4262-BD38-64F17BC63512}.Release|Any CPU.Build.0 = Release|Any CPU
		{F9E1F9D9-B09D-4058-B36A-D1052BFB1F5B}.Debug|Any CPU.ActiveCfg = Debug|Any CPU
		{F9E1F9D9-B09D-4058-B36A-D1052BFB1F5B}.Debug|Any CPU.Build.0 = Debug|Any CPU
		{F9E1F9D9-B09D-4058-B36A-D1052BFB1F5B}.Release|Any CPU.ActiveCfg = Release|Any CPU
		{F9E1F9D9-B09D-4058-B36A-D1052BFB1F5B}.Release|Any CPU.Build.0 = Release|Any CPU
		{6E6FEC50-5D21-4DF5-8ACC-4C7DF6A03647}.Debug|Any CPU.ActiveCfg = Debug|Any CPU
		{6E6FEC50-5D21-4DF5-8ACC-4C7DF6A03647}.Release|Any CPU.ActiveCfg = Release|Any CPU
		{6E6FEC50-5D21-4DF5-8ACC-4C7DF6A03647}.Release|Any CPU.Build.0 = Release|Any CPU
		{8ED9B700-0ED1-49B7-A118-6BA1ED9CD100}.Debug|Any CPU.ActiveCfg = Debug|Any CPU
		{8ED9B700-0ED1-49B7-A118-6BA1ED9CD100}.Release|Any CPU.ActiveCfg = Release|Any CPU
		{8ED9B700-0ED1-49B7-A118-6BA1ED9CD100}.Release|Any CPU.Build.0 = Release|Any CPU
		{577ACA5C-095B-4BB5-B8FE-FD07BCD54909}.Debug|Any CPU.ActiveCfg = Debug|Any CPU
		{577ACA5C-095B-4BB5-B8FE-FD07BCD54909}.Debug|Any CPU.Build.0 = Debug|Any CPU
		{577ACA5C-095B-4BB5-B8FE-FD07BCD54909}.Release|Any CPU.ActiveCfg = Release|Any CPU
		{577ACA5C-095B-4BB5-B8FE-FD07BCD54909}.Release|Any CPU.Build.0 = Release|Any CPU
		{3D5ADE06-2293-4973-9CE1-DB6498015B59}.Debug|Any CPU.ActiveCfg = Debug|Any CPU
		{3D5ADE06-2293-4973-9CE1-DB6498015B59}.Debug|Any CPU.Build.0 = Debug|Any CPU
		{3D5ADE06-2293-4973-9CE1-DB6498015B59}.Release|Any CPU.ActiveCfg = Release|Any CPU
		{3D5ADE06-2293-4973-9CE1-DB6498015B59}.Release|Any CPU.Build.0 = Release|Any CPU
		{74E0D7BF-04FC-4BC2-9815-DCEC51193422}.Debug|Any CPU.ActiveCfg = Debug|Any CPU
		{74E0D7BF-04FC-4BC2-9815-DCEC51193422}.Debug|Any CPU.Build.0 = Debug|Any CPU
		{74E0D7BF-04FC-4BC2-9815-DCEC51193422}.Release|Any CPU.ActiveCfg = Release|Any CPU
		{74E0D7BF-04FC-4BC2-9815-DCEC51193422}.Release|Any CPU.Build.0 = Release|Any CPU
		{7D3F51C2-9B06-4860-ABFE-D57AA44949F8}.Debug|Any CPU.ActiveCfg = Debug|Any CPU
		{7D3F51C2-9B06-4860-ABFE-D57AA44949F8}.Debug|Any CPU.Build.0 = Debug|Any CPU
		{7D3F51C2-9B06-4860-ABFE-D57AA44949F8}.Release|Any CPU.ActiveCfg = Release|Any CPU
		{7D3F51C2-9B06-4860-ABFE-D57AA44949F8}.Release|Any CPU.Build.0 = Release|Any CPU
		{49BBCCBE-A6AD-4DCB-A1E9-762E8F56AB2B}.Debug|Any CPU.ActiveCfg = Debug|Any CPU
		{49BBCCBE-A6AD-4DCB-A1E9-762E8F56AB2B}.Debug|Any CPU.Build.0 = Debug|Any CPU
		{49BBCCBE-A6AD-4DCB-A1E9-762E8F56AB2B}.Release|Any CPU.ActiveCfg = Release|Any CPU
		{49BBCCBE-A6AD-4DCB-A1E9-762E8F56AB2B}.Release|Any CPU.Build.0 = Release|Any CPU
		{591C1B6E-E61E-4473-8ED7-5F422AF9F0D7}.Debug|Any CPU.ActiveCfg = Debug|Any CPU
		{591C1B6E-E61E-4473-8ED7-5F422AF9F0D7}.Debug|Any CPU.Build.0 = Debug|Any CPU
		{591C1B6E-E61E-4473-8ED7-5F422AF9F0D7}.Release|Any CPU.ActiveCfg = Release|Any CPU
		{591C1B6E-E61E-4473-8ED7-5F422AF9F0D7}.Release|Any CPU.Build.0 = Release|Any CPU
		{77455F5E-1A02-4A1D-9294-165F10F7BF86}.Debug|Any CPU.ActiveCfg = Debug|Any CPU
		{77455F5E-1A02-4A1D-9294-165F10F7BF86}.Debug|Any CPU.Build.0 = Debug|Any CPU
		{77455F5E-1A02-4A1D-9294-165F10F7BF86}.Release|Any CPU.ActiveCfg = Release|Any CPU
		{77455F5E-1A02-4A1D-9294-165F10F7BF86}.Release|Any CPU.Build.0 = Release|Any CPU
		{B1408665-0704-4B95-9A2C-D38D2E23626B}.Debug|Any CPU.ActiveCfg = Debug|Any CPU
		{B1408665-0704-4B95-9A2C-D38D2E23626B}.Debug|Any CPU.Build.0 = Debug|Any CPU
		{B1408665-0704-4B95-9A2C-D38D2E23626B}.Release|Any CPU.ActiveCfg = Release|Any CPU
		{B1408665-0704-4B95-9A2C-D38D2E23626B}.Release|Any CPU.Build.0 = Release|Any CPU
		{ABDDAF50-F05C-46A0-B171-30656BBAA11E}.Debug|Any CPU.ActiveCfg = Debug|Any CPU
		{ABDDAF50-F05C-46A0-B171-30656BBAA11E}.Debug|Any CPU.Build.0 = Debug|Any CPU
		{ABDDAF50-F05C-46A0-B171-30656BBAA11E}.Release|Any CPU.ActiveCfg = Release|Any CPU
		{ABDDAF50-F05C-46A0-B171-30656BBAA11E}.Release|Any CPU.Build.0 = Release|Any CPU
		{FC94900D-1A52-4637-B8FF-AD6EFA51042B}.Debug|Any CPU.ActiveCfg = Debug|Any CPU
		{FC94900D-1A52-4637-B8FF-AD6EFA51042B}.Debug|Any CPU.Build.0 = Debug|Any CPU
		{FC94900D-1A52-4637-B8FF-AD6EFA51042B}.Release|Any CPU.ActiveCfg = Release|Any CPU
		{FC94900D-1A52-4637-B8FF-AD6EFA51042B}.Release|Any CPU.Build.0 = Release|Any CPU
		{31CAFF85-B59B-4537-AB29-B736C8494CFD}.Debug|Any CPU.ActiveCfg = Debug|Any CPU
		{31CAFF85-B59B-4537-AB29-B736C8494CFD}.Debug|Any CPU.Build.0 = Debug|Any CPU
		{31CAFF85-B59B-4537-AB29-B736C8494CFD}.Release|Any CPU.ActiveCfg = Release|Any CPU
		{31CAFF85-B59B-4537-AB29-B736C8494CFD}.Release|Any CPU.Build.0 = Release|Any CPU
		{1899123C-B3B7-4C7E-9E62-21D0CA701AA3}.Debug|Any CPU.ActiveCfg = Debug|Any CPU
		{1899123C-B3B7-4C7E-9E62-21D0CA701AA3}.Debug|Any CPU.Build.0 = Debug|Any CPU
		{1899123C-B3B7-4C7E-9E62-21D0CA701AA3}.Release|Any CPU.ActiveCfg = Release|Any CPU
		{1899123C-B3B7-4C7E-9E62-21D0CA701AA3}.Release|Any CPU.Build.0 = Release|Any CPU
		{6C7A9023-D5D5-498E-81AF-1DCA3617E15E}.Debug|Any CPU.ActiveCfg = Debug|Any CPU
		{6C7A9023-D5D5-498E-81AF-1DCA3617E15E}.Debug|Any CPU.Build.0 = Debug|Any CPU
		{6C7A9023-D5D5-498E-81AF-1DCA3617E15E}.Release|Any CPU.ActiveCfg = Release|Any CPU
		{6C7A9023-D5D5-498E-81AF-1DCA3617E15E}.Release|Any CPU.Build.0 = Release|Any CPU
		{36E8A358-AA96-461A-9A5A-2CA7A075BD12}.Debug|Any CPU.ActiveCfg = Debug|Any CPU
		{36E8A358-AA96-461A-9A5A-2CA7A075BD12}.Debug|Any CPU.Build.0 = Debug|Any CPU
		{36E8A358-AA96-461A-9A5A-2CA7A075BD12}.Release|Any CPU.ActiveCfg = Release|Any CPU
		{36E8A358-AA96-461A-9A5A-2CA7A075BD12}.Release|Any CPU.Build.0 = Release|Any CPU
		{09ED9F52-A668-4B9D-83BE-16E4A320A9FC}.Debug|Any CPU.ActiveCfg = Debug|Any CPU
		{09ED9F52-A668-4B9D-83BE-16E4A320A9FC}.Debug|Any CPU.Build.0 = Debug|Any CPU
		{09ED9F52-A668-4B9D-83BE-16E4A320A9FC}.Release|Any CPU.ActiveCfg = Release|Any CPU
		{09ED9F52-A668-4B9D-83BE-16E4A320A9FC}.Release|Any CPU.Build.0 = Release|Any CPU
		{14E6B4AA-C2DA-4669-B68D-D2F0FDDC1C52}.Debug|Any CPU.ActiveCfg = Debug|Any CPU
		{14E6B4AA-C2DA-4669-B68D-D2F0FDDC1C52}.Debug|Any CPU.Build.0 = Debug|Any CPU
		{14E6B4AA-C2DA-4669-B68D-D2F0FDDC1C52}.Release|Any CPU.ActiveCfg = Release|Any CPU
		{14E6B4AA-C2DA-4669-B68D-D2F0FDDC1C52}.Release|Any CPU.Build.0 = Release|Any CPU
		{43C1E426-F16F-4630-ACB4-0D7F4AE32FC0}.Debug|Any CPU.ActiveCfg = Debug|Any CPU
		{43C1E426-F16F-4630-ACB4-0D7F4AE32FC0}.Debug|Any CPU.Build.0 = Debug|Any CPU
		{43C1E426-F16F-4630-ACB4-0D7F4AE32FC0}.Release|Any CPU.ActiveCfg = Release|Any CPU
		{43C1E426-F16F-4630-ACB4-0D7F4AE32FC0}.Release|Any CPU.Build.0 = Release|Any CPU
		{AC3E3613-B97A-4A0F-9DF1-5C49B91079AE}.Debug|Any CPU.ActiveCfg = Debug|Any CPU
		{AC3E3613-B97A-4A0F-9DF1-5C49B91079AE}.Debug|Any CPU.Build.0 = Debug|Any CPU
		{AC3E3613-B97A-4A0F-9DF1-5C49B91079AE}.Release|Any CPU.ActiveCfg = Release|Any CPU
		{AC3E3613-B97A-4A0F-9DF1-5C49B91079AE}.Release|Any CPU.Build.0 = Release|Any CPU
		{E6562031-707B-46BE-8449-F10FD2B04E1D}.Debug|Any CPU.ActiveCfg = Debug|Any CPU
		{E6562031-707B-46BE-8449-F10FD2B04E1D}.Debug|Any CPU.Build.0 = Debug|Any CPU
		{E6562031-707B-46BE-8449-F10FD2B04E1D}.Release|Any CPU.ActiveCfg = Release|Any CPU
		{E6562031-707B-46BE-8449-F10FD2B04E1D}.Release|Any CPU.Build.0 = Release|Any CPU
	EndGlobalSection
	GlobalSection(SolutionProperties) = preSolution
		HideSolutionNode = FALSE
	EndGlobalSection
	GlobalSection(ExtensibilityGlobals) = postSolution
		SolutionGuid = {D2FDAA01-FB85-464B-9AFD-F5C897D3585A}
	EndGlobalSection
EndGlobal
