
Microsoft Visual Studio Solution File, Format Version 12.00
# Visual Studio Version 16
VisualStudioVersion = 16.0.30114.105
MinimumVisualStudioVersion = 10.0.40219.1
Project("{9A19103F-16F7-4668-BE54-9A1E7A4F7556}") = "TestTools Tests", "TestTools Tests\TestTools Tests.csproj", "{DB8925F0-1FCA-4262-BD38-64F17BC63512}"
EndProject
Project("{9A19103F-16F7-4668-BE54-9A1E7A4F7556}") = "TestTools", "TestTools\TestTools.csproj", "{F9E1F9D9-B09D-4058-B36A-D1052BFB1F5B}"
EndProject
Project("{9A19103F-16F7-4668-BE54-9A1E7A4F7556}") = "Lecture 2 Tests", "..\Lecture 2\Lecture 2 Tests\Lecture 2 Tests.csproj", "{6E6FEC50-5D21-4DF5-8ACC-4C7DF6A03647}"
EndProject
Project("{9A19103F-16F7-4668-BE54-9A1E7A4F7556}") = "Lecture 3 Tests", "..\Lecture 3\Lecture 3 Tests\Lecture 3 Tests.csproj", "{8ED9B700-0ED1-49B7-A118-6BA1ED9CD100}"
EndProject
Project("{9A19103F-16F7-4668-BE54-9A1E7A4F7556}") = "Lecture 4 Tests", "..\Lecture 4\Lecture 4 Tests\Lecture 4 Tests.csproj", "{577ACA5C-095B-4BB5-B8FE-FD07BCD54909}"
EndProject
Project("{9A19103F-16F7-4668-BE54-9A1E7A4F7556}") = "Lecture 6 Tests", "..\Lecture 6\Lecture 6 Tests\Lecture 6 Tests.csproj", "{3D5ADE06-2293-4973-9CE1-DB6498015B59}"
EndProject
Project("{9A19103F-16F7-4668-BE54-9A1E7A4F7556}") = "Lecture 7 Tests", "..\Lecture 7\Lecture 7 Tests\Lecture 7 Tests.csproj", "{74E0D7BF-04FC-4BC2-9815-DCEC51193422}"
EndProject
Project("{9A19103F-16F7-4668-BE54-9A1E7A4F7556}") = "Lecture 8 Tests", "..\Lecture 8\Lecture 8 Tests\Lecture 8 Tests.csproj", "{7D3F51C2-9B06-4860-ABFE-D57AA44949F8}"
EndProject
Project("{9A19103F-16F7-4668-BE54-9A1E7A4F7556}") = "Lecture 9 Tests", "..\Lecture 9\Lecture 9 Tests\Lecture 9 Tests.csproj", "{49BBCCBE-A6AD-4DCB-A1E9-762E8F56AB2B}"
EndProject
Global
	GlobalSection(SolutionConfigurationPlatforms) = preSolution
		Debug|Any CPU = Debug|Any CPU
		Release|Any CPU = Release|Any CPU
	EndGlobalSection
	GlobalSection(ProjectConfigurationPlatforms) = postSolution
		{DB8925F0-1FCA-4262-BD38-64F17BC63512}.Debug|Any CPU.ActiveCfg = Debug|Any CPU
		{DB8925F0-1FCA-4262-BD38-64F17BC63512}.Debug|Any CPU.Build.0 = Debug|Any CPU
		{DB8925F0-1FCA-4262-BD38-64F17BC63512}.Release|Any CPU.ActiveCfg = Release|Any CPU
		{DB8925F0-1FCA-4262-BD38-64F17BC63512}.Release|Any CPU.Build.0 = Release|Any CPU
		{F9E1F9D9-B09D-4058-B36A-D1052BFB1F5B}.Debug|Any CPU.ActiveCfg = Debug|Any CPU
		{F9E1F9D9-B09D-4058-B36A-D1052BFB1F5B}.Debug|Any CPU.Build.0 = Debug|Any CPU
		{F9E1F9D9-B09D-4058-B36A-D1052BFB1F5B}.Release|Any CPU.ActiveCfg = Release|Any CPU
		{F9E1F9D9-B09D-4058-B36A-D1052BFB1F5B}.Release|Any CPU.Build.0 = Release|Any CPU
		{6E6FEC50-5D21-4DF5-8ACC-4C7DF6A03647}.Debug|Any CPU.ActiveCfg = Debug|Any CPU
		{6E6FEC50-5D21-4DF5-8ACC-4C7DF6A03647}.Release|Any CPU.ActiveCfg = Release|Any CPU
		{6E6FEC50-5D21-4DF5-8ACC-4C7DF6A03647}.Release|Any CPU.Build.0 = Release|Any CPU
		{8ED9B700-0ED1-49B7-A118-6BA1ED9CD100}.Debug|Any CPU.ActiveCfg = Debug|Any CPU
		{8ED9B700-0ED1-49B7-A118-6BA1ED9CD100}.Release|Any CPU.ActiveCfg = Release|Any CPU
		{8ED9B700-0ED1-49B7-A118-6BA1ED9CD100}.Release|Any CPU.Build.0 = Release|Any CPU
		{577ACA5C-095B-4BB5-B8FE-FD07BCD54909}.Debug|Any CPU.ActiveCfg = Debug|Any CPU
		{577ACA5C-095B-4BB5-B8FE-FD07BCD54909}.Debug|Any CPU.Build.0 = Debug|Any CPU
		{577ACA5C-095B-4BB5-B8FE-FD07BCD54909}.Release|Any CPU.ActiveCfg = Release|Any CPU
		{577ACA5C-095B-4BB5-B8FE-FD07BCD54909}.Release|Any CPU.Build.0 = Release|Any CPU
		{3D5ADE06-2293-4973-9CE1-DB6498015B59}.Debug|Any CPU.ActiveCfg = Debug|Any CPU
		{3D5ADE06-2293-4973-9CE1-DB6498015B59}.Debug|Any CPU.Build.0 = Debug|Any CPU
		{3D5ADE06-2293-4973-9CE1-DB6498015B59}.Release|Any CPU.ActiveCfg = Release|Any CPU
		{3D5ADE06-2293-4973-9CE1-DB6498015B59}.Release|Any CPU.Build.0 = Release|Any CPU
		{74E0D7BF-04FC-4BC2-9815-DCEC51193422}.Debug|Any CPU.ActiveCfg = Debug|Any CPU
		{74E0D7BF-04FC-4BC2-9815-DCEC51193422}.Debug|Any CPU.Build.0 = Debug|Any CPU
		{74E0D7BF-04FC-4BC2-9815-DCEC51193422}.Release|Any CPU.ActiveCfg = Release|Any CPU
		{74E0D7BF-04FC-4BC2-9815-DCEC51193422}.Release|Any CPU.Build.0 = Release|Any CPU
		{7D3F51C2-9B06-4860-ABFE-D57AA44949F8}.Debug|Any CPU.ActiveCfg = Debug|Any CPU
		{7D3F51C2-9B06-4860-ABFE-D57AA44949F8}.Debug|Any CPU.Build.0 = Debug|Any CPU
		{7D3F51C2-9B06-4860-ABFE-D57AA44949F8}.Release|Any CPU.ActiveCfg = Release|Any CPU
		{7D3F51C2-9B06-4860-ABFE-D57AA44949F8}.Release|Any CPU.Build.0 = Release|Any CPU
		{49BBCCBE-A6AD-4DCB-A1E9-762E8F56AB2B}.Debug|Any CPU.ActiveCfg = Debug|Any CPU
		{49BBCCBE-A6AD-4DCB-A1E9-762E8F56AB2B}.Debug|Any CPU.Build.0 = Debug|Any CPU
		{49BBCCBE-A6AD-4DCB-A1E9-762E8F56AB2B}.Release|Any CPU.ActiveCfg = Release|Any CPU
		{49BBCCBE-A6AD-4DCB-A1E9-762E8F56AB2B}.Release|Any CPU.Build.0 = Release|Any CPU
	EndGlobalSection
	GlobalSection(SolutionProperties) = preSolution
		HideSolutionNode = FALSE
	EndGlobalSection
	GlobalSection(ExtensibilityGlobals) = postSolution
		SolutionGuid = {D2FDAA01-FB85-464B-9AFD-F5C897D3585A}
	EndGlobalSection
EndGlobal
