
Microsoft Visual Studio Solution File, Format Version 12.00
# Visual Studio Version 16
VisualStudioVersion = 16.0.30114.105
MinimumVisualStudioVersion = 10.0.40219.1
Project("{9A19103F-16F7-4668-BE54-9A1E7A4F7556}") = "Lecture 2 Exercises", "Lecture 2 Exercises\Lecture 2 Exercises.csproj", "{C8787D5B-AA5D-4F23-B9A4-EBB661FBE8DD}"
EndProject
Project("{9A19103F-16F7-4668-BE54-9A1E7A4F7556}") = "Lecture 2 Solutions", "Lecture 2 Solutions\Lecture 2 Solutions.csproj", "{007D9714-5D89-4A9D-AD3B-E0E64586C05A}"
EndProject
Project("{9A19103F-16F7-4668-BE54-9A1E7A4F7556}") = "Lecture 2 Tests", "Lecture 2 Tests\Lecture 2 Tests.csproj", "{4D8E1DBE-F6CF-47AA-AC0F-FF752440A159}"
EndProject
Project("{9A19103F-16F7-4668-BE54-9A1E7A4F7556}") = "TestTools", "..\TestTools\TestTools\TestTools.csproj", "{0C049AE5-244F-4F8E-977C-E196A501FFBF}"
EndProject
Global
	GlobalSection(SolutionConfigurationPlatforms) = preSolution
		Debug|Any CPU = Debug|Any CPU
		Release|Any CPU = Release|Any CPU
	EndGlobalSection
	GlobalSection(ProjectConfigurationPlatforms) = postSolution
		{C8787D5B-AA5D-4F23-B9A4-EBB661FBE8DD}.Debug|Any CPU.ActiveCfg = Debug|Any CPU
		{C8787D5B-AA5D-4F23-B9A4-EBB661FBE8DD}.Debug|Any CPU.Build.0 = Debug|Any CPU
		{C8787D5B-AA5D-4F23-B9A4-EBB661FBE8DD}.Release|Any CPU.ActiveCfg = Release|Any CPU
		{C8787D5B-AA5D-4F23-B9A4-EBB661FBE8DD}.Release|Any CPU.Build.0 = Release|Any CPU
		{007D9714-5D89-4A9D-AD3B-E0E64586C05A}.Debug|Any CPU.ActiveCfg = Debug|Any CPU
		{007D9714-5D89-4A9D-AD3B-E0E64586C05A}.Debug|Any CPU.Build.0 = Debug|Any CPU
		{007D9714-5D89-4A9D-AD3B-E0E64586C05A}.Release|Any CPU.ActiveCfg = Release|Any CPU
		{007D9714-5D89-4A9D-AD3B-E0E64586C05A}.Release|Any CPU.Build.0 = Release|Any CPU
		{4D8E1DBE-F6CF-47AA-AC0F-FF752440A159}.Debug|Any CPU.ActiveCfg = Debug|Any CPU
		{4D8E1DBE-F6CF-47AA-AC0F-FF752440A159}.Debug|Any CPU.Build.0 = Debug|Any CPU
		{4D8E1DBE-F6CF-47AA-AC0F-FF752440A159}.Release|Any CPU.ActiveCfg = Release|Any CPU
		{4D8E1DBE-F6CF-47AA-AC0F-FF752440A159}.Release|Any CPU.Build.0 = Release|Any CPU
		{0C049AE5-244F-4F8E-977C-E196A501FFBF}.Debug|Any CPU.ActiveCfg = Debug|Any CPU
		{0C049AE5-244F-4F8E-977C-E196A501FFBF}.Debug|Any CPU.Build.0 = Debug|Any CPU
		{0C049AE5-244F-4F8E-977C-E196A501FFBF}.Release|Any CPU.ActiveCfg = Release|Any CPU
		{0C049AE5-244F-4F8E-977C-E196A501FFBF}.Release|Any CPU.Build.0 = Release|Any CPU
	EndGlobalSection
	GlobalSection(SolutionProperties) = preSolution
		HideSolutionNode = FALSE
	EndGlobalSection
	GlobalSection(ExtensibilityGlobals) = postSolution
		SolutionGuid = {563A0DAD-7E5B-44D2-962A-92C69E76D1D2}
	EndGlobalSection
EndGlobal
