
Microsoft Visual Studio Solution File, Format Version 12.00
# Visual Studio Version 16
VisualStudioVersion = 16.0.30114.105
MinimumVisualStudioVersion = 10.0.40219.1
Project("{9A19103F-16F7-4668-BE54-9A1E7A4F7556}") = "Lecture 3 Solutions", "Lecture 3 Solutions\Lecture 3 Solutions.csproj", "{33CC5D84-9069-4405-94D6-DDF20E588915}"
EndProject
Project("{9A19103F-16F7-4668-BE54-9A1E7A4F7556}") = "Lecture 3 Tests", "Lecture 3 Tests\Lecture 3 Tests.csproj", "{3CD4DFDB-9021-48CF-9C7C-88B6ECE96B58}"
EndProject
Project("{9A19103F-16F7-4668-BE54-9A1E7A4F7556}") = "Lecture 3 Exercises", "Lecture 3 Exercises\Lecture 3 Exercises.csproj", "{CAFC9A0B-9912-444F-B409-FE9C773274D3}"
EndProject
Global
	GlobalSection(SolutionConfigurationPlatforms) = preSolution
		Debug|Any CPU = Debug|Any CPU
		Release|Any CPU = Release|Any CPU
	EndGlobalSection
	GlobalSection(ProjectConfigurationPlatforms) = postSolution
		{33CC5D84-9069-4405-94D6-DDF20E588915}.Debug|Any CPU.ActiveCfg = Debug|Any CPU
		{33CC5D84-9069-4405-94D6-DDF20E588915}.Debug|Any CPU.Build.0 = Debug|Any CPU
		{33CC5D84-9069-4405-94D6-DDF20E588915}.Release|Any CPU.ActiveCfg = Release|Any CPU
		{33CC5D84-9069-4405-94D6-DDF20E588915}.Release|Any CPU.Build.0 = Release|Any CPU
		{3CD4DFDB-9021-48CF-9C7C-88B6ECE96B58}.Debug|Any CPU.ActiveCfg = Debug|Any CPU
		{3CD4DFDB-9021-48CF-9C7C-88B6ECE96B58}.Debug|Any CPU.Build.0 = Debug|Any CPU
		{3CD4DFDB-9021-48CF-9C7C-88B6ECE96B58}.Release|Any CPU.ActiveCfg = Release|Any CPU
		{3CD4DFDB-9021-48CF-9C7C-88B6ECE96B58}.Release|Any CPU.Build.0 = Release|Any CPU
		{CAFC9A0B-9912-444F-B409-FE9C773274D3}.Debug|Any CPU.ActiveCfg = Debug|Any CPU
		{CAFC9A0B-9912-444F-B409-FE9C773274D3}.Debug|Any CPU.Build.0 = Debug|Any CPU
		{CAFC9A0B-9912-444F-B409-FE9C773274D3}.Release|Any CPU.ActiveCfg = Release|Any CPU
		{CAFC9A0B-9912-444F-B409-FE9C773274D3}.Release|Any CPU.Build.0 = Release|Any CPU
	EndGlobalSection
	GlobalSection(SolutionProperties) = preSolution
		HideSolutionNode = FALSE
	EndGlobalSection
	GlobalSection(ExtensibilityGlobals) = postSolution
		SolutionGuid = {563A0DAD-7E5B-44D2-962A-92C69E76D1D2}
	EndGlobalSection
EndGlobal
